
Microsoft Visual Studio Solution File, Format Version 12.00
# Visual Studio Version 16
VisualStudioVersion = 16.0.29424.173
MinimumVisualStudioVersion = 10.0.40219.1
Project("{E24C65DC-7377-472B-9ABA-BC803B73C61A}") = "FacultyVoting", ".", "{1A4E7CAE-261A-45E9-8291-95F280A015E7}"
	ProjectSection(WebsiteProperties) = preProject
		TargetFrameworkMoniker = ".NETFramework,Version%3Dv4.7.2"
		Debug.AspNetCompiler.VirtualPath = "/localhost_1655"
		Debug.AspNetCompiler.PhysicalPath = "..\FacultyVoting\"
		Debug.AspNetCompiler.TargetPath = "PrecompiledWeb\localhost_1655\"
		Debug.AspNetCompiler.Updateable = "true"
		Debug.AspNetCompiler.ForceOverwrite = "true"
		Debug.AspNetCompiler.FixedNames = "false"
		Debug.AspNetCompiler.Debug = "True"
		Release.AspNetCompiler.VirtualPath = "/localhost_1655"
		Release.AspNetCompiler.PhysicalPath = "..\FacultyVoting\"
		Release.AspNetCompiler.TargetPath = "PrecompiledWeb\localhost_1655\"
		Release.AspNetCompiler.Updateable = "true"
		Release.AspNetCompiler.ForceOverwrite = "true"
		Release.AspNetCompiler.FixedNames = "false"
		Release.AspNetCompiler.Debug = "False"
		VWDPort = "1655"
		DefaultWebSiteLanguage = "Visual C#"
	EndProjectSection
EndProject
Global
	GlobalSection(SolutionConfigurationPlatforms) = preSolution
		Debug|Any CPU = Debug|Any CPU
	EndGlobalSection
	GlobalSection(ProjectConfigurationPlatforms) = postSolution
		{1A4E7CAE-261A-45E9-8291-95F280A015E7}.Debug|Any CPU.ActiveCfg = Debug|Any CPU
		{1A4E7CAE-261A-45E9-8291-95F280A015E7}.Debug|Any CPU.Build.0 = Debug|Any CPU
	EndGlobalSection
	GlobalSection(SolutionProperties) = preSolution
		HideSolutionNode = FALSE
	EndGlobalSection
	GlobalSection(ExtensibilityGlobals) = postSolution
		SolutionGuid = {0A706E5C-5905-4116-A273-250FEFB7C318}
	EndGlobalSection
EndGlobal
